// !$*UTF8*$!
{
	archiveVersion = 1;
	classes = {
	};
	objectVersion = 56;
	objects = {

/* Begin PBXBuildFile section */
		F9E8C8352C061007000E9541 /* App610App.swift in Sources */ = {isa = PBXBuildFile; fileRef = F9E8C8342C061007000E9541 /* App610App.swift */; };
		F9E8C8372C061007000E9541 /* ContentView.swift in Sources */ = {isa = PBXBuildFile; fileRef = F9E8C8362C061007000E9541 /* ContentView.swift */; };
		F9E8C8392C061009000E9541 /* Assets.xcassets in Resources */ = {isa = PBXBuildFile; fileRef = F9E8C8382C061009000E9541 /* Assets.xcassets */; };
		F9E8C83C2C061009000E9541 /* Preview Assets.xcassets in Resources */ = {isa = PBXBuildFile; fileRef = F9E8C83B2C061009000E9541 /* Preview Assets.xcassets */; };
		F9E8C8432C061019000E9541 /* Launch Screen.storyboard in Resources */ = {isa = PBXBuildFile; fileRef = F9E8C8422C061019000E9541 /* Launch Screen.storyboard */; };
		F9E8C8462C061038000E9541 /* LoadingView.swift in Sources */ = {isa = PBXBuildFile; fileRef = F9E8C8452C061038000E9541 /* LoadingView.swift */; };
		F9E8C84B2C061046000E9541 /* users_1.swift in Sources */ = {isa = PBXBuildFile; fileRef = F9E8C84A2C061046000E9541 /* users_1.swift */; };
		F9E8C84D2C06104A000E9541 /* users_2.swift in Sources */ = {isa = PBXBuildFile; fileRef = F9E8C84C2C06104A000E9541 /* users_2.swift */; };
		F9E8C84F2C06104D000E9541 /* users_3.swift in Sources */ = {isa = PBXBuildFile; fileRef = F9E8C84E2C06104D000E9541 /* users_3.swift */; };
		F9E8C8512C061052000E9541 /* reviewers_1.swift in Sources */ = {isa = PBXBuildFile; fileRef = F9E8C8502C061052000E9541 /* reviewers_1.swift */; };
		F9E8C8532C061055000E9541 /* reviewers_2.swift in Sources */ = {isa = PBXBuildFile; fileRef = F9E8C8522C061055000E9541 /* reviewers_2.swift */; };
		F9E8C8562C0611EC000E9541 /* exten1.swift in Sources */ = {isa = PBXBuildFile; fileRef = F9E8C8552C0611EC000E9541 /* exten1.swift */; };
		F9E8C8582C0611EF000E9541 /* exten2.swift in Sources */ = {isa = PBXBuildFile; fileRef = F9E8C8572C0611EF000E9541 /* exten2.swift */; };
		F9E8C85A2C0611F3000E9541 /* exten3.swift in Sources */ = {isa = PBXBuildFile; fileRef = F9E8C8592C0611F3000E9541 /* exten3.swift */; };
/* End PBXBuildFile section */

/* Begin PBXFileReference section */
		F9E8C8312C061007000E9541 /* App610.app */ = {isa = PBXFileReference; explicitFileType = wrapper.application; includeInIndex = 0; path = App610.app; sourceTree = BUILT_PRODUCTS_DIR; };
		F9E8C8342C061007000E9541 /* App610App.swift */ = {isa = PBXFileReference; lastKnownFileType = sourcecode.swift; path = App610App.swift; sourceTree = "<group>"; };
		F9E8C8362C061007000E9541 /* ContentView.swift */ = {isa = PBXFileReference; lastKnownFileType = sourcecode.swift; path = ContentView.swift; sourceTree = "<group>"; };
		F9E8C8382C061009000E9541 /* Assets.xcassets */ = {isa = PBXFileReference; lastKnownFileType = folder.assetcatalog; path = Assets.xcassets; sourceTree = "<group>"; };
		F9E8C83B2C061009000E9541 /* Preview Assets.xcassets */ = {isa = PBXFileReference; lastKnownFileType = folder.assetcatalog; path = "Preview Assets.xcassets"; sourceTree = "<group>"; };
		F9E8C8422C061019000E9541 /* Launch Screen.storyboard */ = {isa = PBXFileReference; lastKnownFileType = file.storyboard; path = "Launch Screen.storyboard"; sourceTree = "<group>"; };
		F9E8C8452C061038000E9541 /* LoadingView.swift */ = {isa = PBXFileReference; lastKnownFileType = sourcecode.swift; path = LoadingView.swift; sourceTree = "<group>"; };
		F9E8C84A2C061046000E9541 /* users_1.swift */ = {isa = PBXFileReference; lastKnownFileType = sourcecode.swift; path = users_1.swift; sourceTree = "<group>"; };
		F9E8C84C2C06104A000E9541 /* users_2.swift */ = {isa = PBXFileReference; lastKnownFileType = sourcecode.swift; path = users_2.swift; sourceTree = "<group>"; };
		F9E8C84E2C06104D000E9541 /* users_3.swift */ = {isa = PBXFileReference; lastKnownFileType = sourcecode.swift; path = users_3.swift; sourceTree = "<group>"; };
		F9E8C8502C061052000E9541 /* reviewers_1.swift */ = {isa = PBXFileReference; lastKnownFileType = sourcecode.swift; path = reviewers_1.swift; sourceTree = "<group>"; };
		F9E8C8522C061055000E9541 /* reviewers_2.swift */ = {isa = PBXFileReference; lastKnownFileType = sourcecode.swift; path = reviewers_2.swift; sourceTree = "<group>"; };
		F9E8C8552C0611EC000E9541 /* exten1.swift */ = {isa = PBXFileReference; lastKnownFileType = sourcecode.swift; path = exten1.swift; sourceTree = "<group>"; };
		F9E8C8572C0611EF000E9541 /* exten2.swift */ = {isa = PBXFileReference; lastKnownFileType = sourcecode.swift; path = exten2.swift; sourceTree = "<group>"; };
		F9E8C8592C0611F3000E9541 /* exten3.swift */ = {isa = PBXFileReference; lastKnownFileType = sourcecode.swift; path = exten3.swift; sourceTree = "<group>"; };
/* End PBXFileReference section */

/* Begin PBXFrameworksBuildPhase section */
		F9E8C82E2C061007000E9541 /* Frameworks */ = {
			isa = PBXFrameworksBuildPhase;
			buildActionMask = 2147483647;
			files = (
			);
			runOnlyForDeploymentPostprocessing = 0;
		};
/* End PBXFrameworksBuildPhase section */

/* Begin PBXGroup section */
		F9E8C8282C061007000E9541 = {
			isa = PBXGroup;
			children = (
				F9E8C8332C061007000E9541 /* App610 */,
				F9E8C8322C061007000E9541 /* Products */,
			);
			sourceTree = "<group>";
		};
		F9E8C8322C061007000E9541 /* Products */ = {
			isa = PBXGroup;
			children = (
				F9E8C8312C061007000E9541 /* App610.app */,
			);
			name = Products;
			sourceTree = "<group>";
		};
		F9E8C8332C061007000E9541 /* App610 */ = {
			isa = PBXGroup;
			children = (
				F9E8C8342C061007000E9541 /* App610App.swift */,
				F9E8C8362C061007000E9541 /* ContentView.swift */,
				F9E8C8442C06102E000E9541 /* System */,
				F9E8C8422C061019000E9541 /* Launch Screen.storyboard */,
				F9E8C8382C061009000E9541 /* Assets.xcassets */,
				F9E8C83A2C061009000E9541 /* Preview Content */,
			);
			path = App610;
			sourceTree = "<group>";
		};
		F9E8C83A2C061009000E9541 /* Preview Content */ = {
			isa = PBXGroup;
			children = (
				F9E8C83B2C061009000E9541 /* Preview Assets.xcassets */,
			);
			path = "Preview Content";
			sourceTree = "<group>";
		};
		F9E8C8442C06102E000E9541 /* System */ = {
			isa = PBXGroup;
			children = (
				F9E8C8542C0611E8000E9541 /* exten */,
				F9E8C8452C061038000E9541 /* LoadingView.swift */,
				F9E8C8472C06103B000E9541 /* onboarding */,
			);
			path = System;
			sourceTree = "<group>";
		};
		F9E8C8472C06103B000E9541 /* onboarding */ = {
			isa = PBXGroup;
			children = (
				F9E8C8492C061042000E9541 /* users */,
				F9E8C8482C06103F000E9541 /* reviewers */,
			);
			path = onboarding;
			sourceTree = "<group>";
		};
		F9E8C8482C06103F000E9541 /* reviewers */ = {
			isa = PBXGroup;
			children = (
				F9E8C8502C061052000E9541 /* reviewers_1.swift */,
				F9E8C8522C061055000E9541 /* reviewers_2.swift */,
			);
			path = reviewers;
			sourceTree = "<group>";
		};
		F9E8C8492C061042000E9541 /* users */ = {
			isa = PBXGroup;
			children = (
				F9E8C84A2C061046000E9541 /* users_1.swift */,
				F9E8C84C2C06104A000E9541 /* users_2.swift */,
				F9E8C84E2C06104D000E9541 /* users_3.swift */,
			);
			name = users;
			sourceTree = "<group>";
		};
		F9E8C8542C0611E8000E9541 /* exten */ = {
			isa = PBXGroup;
			children = (
				F9E8C8552C0611EC000E9541 /* exten1.swift */,
				F9E8C8572C0611EF000E9541 /* exten2.swift */,
				F9E8C8592C0611F3000E9541 /* exten3.swift */,
			);
			path = exten;
			sourceTree = "<group>";
		};
/* End PBXGroup section */

/* Begin PBXNativeTarget section */
		F9E8C8302C061007000E9541 /* App610 */ = {
			isa = PBXNativeTarget;
			buildConfigurationList = F9E8C83F2C061009000E9541 /* Build configuration list for PBXNativeTarget "App610" */;
			buildPhases = (
				F9E8C82D2C061007000E9541 /* Sources */,
				F9E8C82E2C061007000E9541 /* Frameworks */,
				F9E8C82F2C061007000E9541 /* Resources */,
			);
			buildRules = (
			);
			dependencies = (
			);
			name = App610;
			productName = App610;
			productReference = F9E8C8312C061007000E9541 /* App610.app */;
			productType = "com.apple.product-type.application";
		};
/* End PBXNativeTarget section */

/* Begin PBXProject section */
		F9E8C8292C061007000E9541 /* Project object */ = {
			isa = PBXProject;
			attributes = {
				BuildIndependentTargetsInParallel = 1;
				LastSwiftUpdateCheck = 1530;
				LastUpgradeCheck = 1530;
				TargetAttributes = {
					F9E8C8302C061007000E9541 = {
						CreatedOnToolsVersion = 15.3;
					};
				};
			};
			buildConfigurationList = F9E8C82C2C061007000E9541 /* Build configuration list for PBXProject "App610" */;
			compatibilityVersion = "Xcode 14.0";
			developmentRegion = en;
			hasScannedForEncodings = 0;
			knownRegions = (
				en,
				Base,
			);
			mainGroup = F9E8C8282C061007000E9541;
			productRefGroup = F9E8C8322C061007000E9541 /* Products */;
			projectDirPath = "";
			projectRoot = "";
			targets = (
				F9E8C8302C061007000E9541 /* App610 */,
			);
		};
/* End PBXProject section */

/* Begin PBXResourcesBuildPhase section */
		F9E8C82F2C061007000E9541 /* Resources */ = {
			isa = PBXResourcesBuildPhase;
			buildActionMask = 2147483647;
			files = (
				F9E8C8432C061019000E9541 /* Launch Screen.storyboard in Resources */,
				F9E8C83C2C061009000E9541 /* Preview Assets.xcassets in Resources */,
				F9E8C8392C061009000E9541 /* Assets.xcassets in Resources */,
			);
			runOnlyForDeploymentPostprocessing = 0;
		};
/* End PBXResourcesBuildPhase section */

/* Begin PBXSourcesBuildPhase section */
		F9E8C82D2C061007000E9541 /* Sources */ = {
			isa = PBXSourcesBuildPhase;
			buildActionMask = 2147483647;
			files = (
				F9E8C8372C061007000E9541 /* ContentView.swift in Sources */,
				F9E8C8582C0611EF000E9541 /* exten2.swift in Sources */,
				F9E8C8532C061055000E9541 /* reviewers_2.swift in Sources */,
				F9E8C8562C0611EC000E9541 /* exten1.swift in Sources */,
				F9E8C8352C061007000E9541 /* App610App.swift in Sources */,
				F9E8C84F2C06104D000E9541 /* users_3.swift in Sources */,
				F9E8C84D2C06104A000E9541 /* users_2.swift in Sources */,
				F9E8C84B2C061046000E9541 /* users_1.swift in Sources */,
				F9E8C8512C061052000E9541 /* reviewers_1.swift in Sources */,
				F9E8C85A2C0611F3000E9541 /* exten3.swift in Sources */,
				F9E8C8462C061038000E9541 /* LoadingView.swift in Sources */,
			);
			runOnlyForDeploymentPostprocessing = 0;
		};
/* End PBXSourcesBuildPhase section */

/* Begin XCBuildConfiguration section */
		F9E8C83D2C061009000E9541 /* Debug */ = {
			isa = XCBuildConfiguration;
			buildSettings = {
				ALWAYS_SEARCH_USER_PATHS = NO;
				ASSETCATALOG_COMPILER_GENERATE_SWIFT_ASSET_SYMBOL_EXTENSIONS = YES;
				CLANG_ANALYZER_NONNULL = YES;
				CLANG_ANALYZER_NUMBER_OBJECT_CONVERSION = YES_AGGRESSIVE;
				CLANG_CXX_LANGUAGE_STANDARD = "gnu++20";
				CLANG_ENABLE_MODULES = YES;
				CLANG_ENABLE_OBJC_ARC = YES;
				CLANG_ENABLE_OBJC_WEAK = YES;
				CLANG_WARN_BLOCK_CAPTURE_AUTORELEASING = YES;
				CLANG_WARN_BOOL_CONVERSION = YES;
				CLANG_WARN_COMMA = YES;
				CLANG_WARN_CONSTANT_CONVERSION = YES;
				CLANG_WARN_DEPRECATED_OBJC_IMPLEMENTATIONS = YES;
				CLANG_WARN_DIRECT_OBJC_ISA_USAGE = YES_ERROR;
				CLANG_WARN_DOCUMENTATION_COMMENTS = YES;
				CLANG_WARN_EMPTY_BODY = YES;
				CLANG_WARN_ENUM_CONVERSION = YES;
				CLANG_WARN_INFINITE_RECURSION = YES;
				CLANG_WARN_INT_CONVERSION = YES;
				CLANG_WARN_NON_LITERAL_NULL_CONVERSION = YES;
				CLANG_WARN_OBJC_IMPLICIT_RETAIN_SELF = YES;
				CLANG_WARN_OBJC_LITERAL_CONVERSION = YES;
				CLANG_WARN_OBJC_ROOT_CLASS = YES_ERROR;
				CLANG_WARN_QUOTED_INCLUDE_IN_FRAMEWORK_HEADER = YES;
				CLANG_WARN_RANGE_LOOP_ANALYSIS = YES;
				CLANG_WARN_STRICT_PROTOTYPES = YES;
				CLANG_WARN_SUSPICIOUS_MOVE = YES;
				CLANG_WARN_UNGUARDED_AVAILABILITY = YES_AGGRESSIVE;
				CLANG_WARN_UNREACHABLE_CODE = YES;
				CLANG_WARN__DUPLICATE_METHOD_MATCH = YES;
				COPY_PHASE_STRIP = NO;
				DEBUG_INFORMATION_FORMAT = dwarf;
				ENABLE_STRICT_OBJC_MSGSEND = YES;
				ENABLE_TESTABILITY = YES;
				ENABLE_USER_SCRIPT_SANDBOXING = YES;
				GCC_C_LANGUAGE_STANDARD = gnu17;
				GCC_DYNAMIC_NO_PIC = NO;
				GCC_NO_COMMON_BLOCKS = YES;
				GCC_OPTIMIZATION_LEVEL = 0;
				GCC_PREPROCESSOR_DEFINITIONS = (
					"DEBUG=1",
					"$(inherited)",
				);
				GCC_WARN_64_TO_32_BIT_CONVERSION = YES;
				GCC_WARN_ABOUT_RETURN_TYPE = YES_ERROR;
				GCC_WARN_UNDECLARED_SELECTOR = YES;
				GCC_WARN_UNINITIALIZED_AUTOS = YES_AGGRESSIVE;
				GCC_WARN_UNUSED_FUNCTION = YES;
				GCC_WARN_UNUSED_VARIABLE = YES;
				IPHONEOS_DEPLOYMENT_TARGET = 14.0;
				LOCALIZATION_PREFERS_STRING_CATALOGS = YES;
				MTL_ENABLE_DEBUG_INFO = INCLUDE_SOURCE;
				MTL_FAST_MATH = YES;
				ONLY_ACTIVE_ARCH = YES;
				SDKROOT = iphoneos;
				SWIFT_ACTIVE_COMPILATION_CONDITIONS = "DEBUG $(inherited)";
				SWIFT_OPTIMIZATION_LEVEL = "-Onone";
			};
			name = Debug;
		};
		F9E8C83E2C061009000E9541 /* Release */ = {
			isa = XCBuildConfiguration;
			buildSettings = {
				ALWAYS_SEARCH_USER_PATHS = NO;
				ASSETCATALOG_COMPILER_GENERATE_SWIFT_ASSET_SYMBOL_EXTENSIONS = YES;
				CLANG_ANALYZER_NONNULL = YES;
				CLANG_ANALYZER_NUMBER_OBJECT_CONVERSION = YES_AGGRESSIVE;
				CLANG_CXX_LANGUAGE_STANDARD = "gnu++20";
				CLANG_ENABLE_MODULES = YES;
				CLANG_ENABLE_OBJC_ARC = YES;
				CLANG_ENABLE_OBJC_WEAK = YES;
				CLANG_WARN_BLOCK_CAPTURE_AUTORELEASING = YES;
				CLANG_WARN_BOOL_CONVERSION = YES;
				CLANG_WARN_COMMA = YES;
				CLANG_WARN_CONSTANT_CONVERSION = YES;
				CLANG_WARN_DEPRECATED_OBJC_IMPLEMENTATIONS = YES;
				CLANG_WARN_DIRECT_OBJC_ISA_USAGE = YES_ERROR;
				CLANG_WARN_DOCUMENTATION_COMMENTS = YES;
				CLANG_WARN_EMPTY_BODY = YES;
				CLANG_WARN_ENUM_CONVERSION = YES;
				CLANG_WARN_INFINITE_RECURSION = YES;
				CLANG_WARN_INT_CONVERSION = YES;
				CLANG_WARN_NON_LITERAL_NULL_CONVERSION = YES;
				CLANG_WARN_OBJC_IMPLICIT_RETAIN_SELF = YES;
				CLANG_WARN_OBJC_LITERAL_CONVERSION = YES;
				CLANG_WARN_OBJC_ROOT_CLASS = YES_ERROR;
				CLANG_WARN_QUOTED_INCLUDE_IN_FRAMEWORK_HEADER = YES;
				CLANG_WARN_RANGE_LOOP_ANALYSIS = YES;
				CLANG_WARN_STRICT_PROTOTYPES = YES;
				CLANG_WARN_SUSPICIOUS_MOVE = YES;
				CLANG_WARN_UNGUARDED_AVAILABILITY = YES_AGGRESSIVE;
				CLANG_WARN_UNREACHABLE_CODE = YES;
				CLANG_WARN__DUPLICATE_METHOD_MATCH = YES;
				COPY_PHASE_STRIP = NO;
				DEBUG_INFORMATION_FORMAT = "dwarf-with-dsym";
				ENABLE_NS_ASSERTIONS = NO;
				ENABLE_STRICT_OBJC_MSGSEND = YES;
				ENABLE_USER_SCRIPT_SANDBOXING = YES;
				GCC_C_LANGUAGE_STANDARD = gnu17;
				GCC_NO_COMMON_BLOCKS = YES;
				GCC_WARN_64_TO_32_BIT_CONVERSION = YES;
				GCC_WARN_ABOUT_RETURN_TYPE = YES_ERROR;
				GCC_WARN_UNDECLARED_SELECTOR = YES;
				GCC_WARN_UNINITIALIZED_AUTOS = YES_AGGRESSIVE;
				GCC_WARN_UNUSED_FUNCTION = YES;
				GCC_WARN_UNUSED_VARIABLE = YES;
				IPHONEOS_DEPLOYMENT_TARGET = 14.0;
				LOCALIZATION_PREFERS_STRING_CATALOGS = YES;
				MTL_ENABLE_DEBUG_INFO = NO;
				MTL_FAST_MATH = YES;
				SDKROOT = iphoneos;
				SWIFT_COMPILATION_MODE = wholemodule;
				VALIDATE_PRODUCT = YES;
			};
			name = Release;
		};
		F9E8C8402C061009000E9541 /* Debug */ = {
			isa = XCBuildConfiguration;
			buildSettings = {
				ASSETCATALOG_COMPILER_APPICON_NAME = AppIcon;
				ASSETCATALOG_COMPILER_GLOBAL_ACCENT_COLOR_NAME = AccentColor;
				CODE_SIGN_STYLE = Automatic;
				CURRENT_PROJECT_VERSION = 1;
				DEVELOPMENT_ASSET_PATHS = "\"App610/Preview Content\"";
				ENABLE_PREVIEWS = YES;
				GENERATE_INFOPLIST_FILE = YES;
				INFOPLIST_KEY_CFBundleDisplayName = "Card Havens";
				INFOPLIST_KEY_UIApplicationSceneManifest_Generation = YES;
				INFOPLIST_KEY_UIApplicationSupportsIndirectInputEvents = YES;
				INFOPLIST_KEY_UILaunchScreen_Generation = YES;
				INFOPLIST_KEY_UILaunchStoryboardName = "Launch Screen.storyboard";
				INFOPLIST_KEY_UISupportedInterfaceOrientations = UIInterfaceOrientationPortrait;
				INFOPLIST_KEY_UISupportedInterfaceOrientations_iPad = "UIInterfaceOrientationLandscapeLeft UIInterfaceOrientationLandscapeRight UIInterfaceOrientationPortrait UIInterfaceOrientationPortraitUpsideDown";
				LD_RUNPATH_SEARCH_PATHS = (
					"$(inherited)",
					"@executable_path/Frameworks",
				);
				MARKETING_VERSION = 1.0;
				PRODUCT_BUNDLE_IDENTIFIER = main.App610;
				PRODUCT_NAME = "$(TARGET_NAME)";
				SUPPORTED_PLATFORMS = "iphoneos iphonesimulator";
				SUPPORTS_MACCATALYST = NO;
				SUPPORTS_MAC_DESIGNED_FOR_IPHONE_IPAD = NO;
				SUPPORTS_XR_DESIGNED_FOR_IPHONE_IPAD = NO;
				SWIFT_EMIT_LOC_STRINGS = YES;
				SWIFT_VERSION = 5.0;
				TARGETED_DEVICE_FAMILY = 1;
			};
			name = Debug;
		};
		F9E8C8412C061009000E9541 /* Release */ = {
			isa = XCBuildConfiguration;
			buildSettings = {
				ASSETCATALOG_COMPILER_APPICON_NAME = AppIcon;
				ASSETCATALOG_COMPILER_GLOBAL_ACCENT_COLOR_NAME = AccentColor;
				CODE_SIGN_STYLE = Automatic;
				CURRENT_PROJECT_VERSION = 1;
				DEVELOPMENT_ASSET_PATHS = "\"App610/Preview Content\"";
				ENABLE_PREVIEWS = YES;
				GENERATE_INFOPLIST_FILE = YES;
				INFOPLIST_KEY_CFBundleDisplayName = "Card Havens";
				INFOPLIST_KEY_UIApplicationSceneManifest_Generation = YES;
				INFOPLIST_KEY_UIApplicationSupportsIndirectInputEvents = YES;
				INFOPLIST_KEY_UILaunchScreen_Generation = YES;
				INFOPLIST_KEY_UILaunchStoryboardName = "Launch Screen.storyboard";
				INFOPLIST_KEY_UISupportedInterfaceOrientations = UIInterfaceOrientationPortrait;
				INFOPLIST_KEY_UISupportedInterfaceOrientations_iPad = "UIInterfaceOrientationLandscapeLeft UIInterfaceOrientationLandscapeRight UIInterfaceOrientationPortrait UIInterfaceOrientationPortraitUpsideDown";
				LD_RUNPATH_SEARCH_PATHS = (
					"$(inherited)",
					"@executable_path/Frameworks",
				);
				MARKETING_VERSION = 1.0;
				PRODUCT_BUNDLE_IDENTIFIER = main.App610;
				PRODUCT_NAME = "$(TARGET_NAME)";
				SUPPORTED_PLATFORMS = "iphoneos iphonesimulator";
				SUPPORTS_MACCATALYST = NO;
				SUPPORTS_MAC_DESIGNED_FOR_IPHONE_IPAD = NO;
				SUPPORTS_XR_DESIGNED_FOR_IPHONE_IPAD = NO;
				SWIFT_EMIT_LOC_STRINGS = YES;
				SWIFT_VERSION = 5.0;
				TARGETED_DEVICE_FAMILY = 1;
			};
			name = Release;
		};
/* End XCBuildConfiguration section */

/* Begin XCConfigurationList section */
		F9E8C82C2C061007000E9541 /* Build configuration list for PBXProject "App610" */ = {
			isa = XCConfigurationList;
			buildConfigurations = (
				F9E8C83D2C061009000E9541 /* Debug */,
				F9E8C83E2C061009000E9541 /* Release */,
			);
			defaultConfigurationIsVisible = 0;
			defaultConfigurationName = Release;
		};
		F9E8C83F2C061009000E9541 /* Build configuration list for PBXNativeTarget "App610" */ = {
			isa = XCConfigurationList;
			buildConfigurations = (
				F9E8C8402C061009000E9541 /* Debug */,
				F9E8C8412C061009000E9541 /* Release */,
			);
			defaultConfigurationIsVisible = 0;
			defaultConfigurationName = Release;
		};
/* End XCConfigurationList section */
	};
	rootObject = F9E8C8292C061007000E9541 /* Project object */;
}
